{
    "_readme": [
        "This file locks the dependencies of your project to a known state",
        "Read more about it at https://getcomposer.org/doc/01-basic-usage.md#installing-dependencies",
        "This file is @generated automatically"
    ],
    "content-hash": "9440670e1fe3442853300ae6dd3154de",
    "packages": [
        {
            "name": "kwn/number-to-words",
            "version": "2.9.1",
            "source": {
                "type": "git",
                "url": "https://github.com/kwn/number-to-words.git",
                "reference": "0b29195ab64994a5abd24115730aa590c598d468"
            },
            "dist": {
                "type": "zip",
                "url": "https://api.github.com/repos/kwn/number-to-words/zipball/0b29195ab64994a5abd24115730aa590c598d468",
                "reference": "0b29195ab64994a5abd24115730aa590c598d468",
                "shasum": ""
            },
            "require": {
                "php": ">=7.4"
            },
            "require-dev": {
                "phpunit/phpunit": "^9.6.7",
                "squizlabs/php_codesniffer": "^3.7.2"
            },
            "type": "library",
            "autoload": {
                "psr-4": {
                    "NumberToWords\\": "src"
                }
            },
            "notification-url": "https://packagist.org/downloads/",
            "license": [
                "MIT"
            ],
            "authors": [
                {
                    "name": "Karol Wnuk",
                    "email": "k.wnuk@ascetic.pl"
                }
            ],
            "description": "Multi language standalone PHP number to words converter. Fully tested, open for extensions and new languages.",
            "keywords": [
                "currency",
                "money",
                "number",
                "numbers",
                "string",
                "to",
                "words"
            ],
            "support": {
                "issues": "https://github.com/kwn/number-to-words/issues",
                "source": "https://github.com/kwn/number-to-words/tree/2.9.1"
            },
            "time": "2024-02-24T17:01:19+00:00"
        }
    ],
    "packages-dev": [],
    "aliases": [],
    "minimum-stability": "stable",
    "stability-flags": [],
    "prefer-stable": false,
    "prefer-lowest": false,
    "platform": [],
    "platform-dev": [],
    "plugin-api-version": "2.6.0"
}
